
Microsoft Visual Studio Solution File, Format Version 12.00
# Visual Studio Version 17
VisualStudioVersion = 17.2.32616.157
MinimumVisualStudioVersion = 10.0.40219.1
Project("{FAE04EC0-301F-11D3-BF4B-00C04F79EFBC}") = "ActiveMQ_Producer", "ActiveMQ_Sample\ActiveMQ_Producer.csproj", "{C01040A6-53E1-429F-9467-5A7C111A5B94}"
EndProject
Project("{FAE04EC0-301F-11D3-BF4B-00C04F79EFBC}") = "ActiveMQ_Consumer", "ActiveMQ_Consumer\ActiveMQ_Consumer.csproj", "{9B0C2E65-47D7-4F88-A6DD-BE756ABA8509}"
EndProject
Global
	GlobalSection(SolutionConfigurationPlatforms) = preSolution
		Debug|Any CPU = Debug|Any CPU
		Release|Any CPU = Release|Any CPU
	EndGlobalSection
	GlobalSection(ProjectConfigurationPlatforms) = postSolution
		{C01040A6-53E1-429F-9467-5A7C111A5B94}.Debug|Any CPU.ActiveCfg = Debug|Any CPU
		{C01040A6-53E1-429F-9467-5A7C111A5B94}.Debug|Any CPU.Build.0 = Debug|Any CPU
		{C01040A6-53E1-429F-9467-5A7C111A5B94}.Release|Any CPU.ActiveCfg = Release|Any CPU
		{C01040A6-53E1-429F-9467-5A7C111A5B94}.Release|Any CPU.Build.0 = Release|Any CPU
		{9B0C2E65-47D7-4F88-A6DD-BE756ABA8509}.Debug|Any CPU.ActiveCfg = Debug|Any CPU
		{9B0C2E65-47D7-4F88-A6DD-BE756ABA8509}.Debug|Any CPU.Build.0 = Debug|Any CPU
		{9B0C2E65-47D7-4F88-A6DD-BE756ABA8509}.Release|Any CPU.ActiveCfg = Release|Any CPU
		{9B0C2E65-47D7-4F88-A6DD-BE756ABA8509}.Release|Any CPU.Build.0 = Release|Any CPU
	EndGlobalSection
	GlobalSection(SolutionProperties) = preSolution
		HideSolutionNode = FALSE
	EndGlobalSection
	GlobalSection(ExtensibilityGlobals) = postSolution
		SolutionGuid = {5A46EB6C-C804-4901-8227-CFCFDC8B001A}
	EndGlobalSection
EndGlobal
